
Microsoft Visual Studio Solution File, Format Version 10.00
# Visual Studio 2008
Project("{FAE04EC0-301F-11D3-BF4B-00C04F79EFBC}") = "TranslatorTester", "TranslatorTester\TranslatorTester.csproj", "{0184B43A-A8D1-439C-B2D0-42D4D6704A5F}"
EndProject
Project("{FAE04EC0-301F-11D3-BF4B-00C04F79EFBC}") = "Translator", "Translator\Translator.csproj", "{457965B7-FD67-493E-B46A-EEFE59486A4C}"
EndProject
Project("{FAE04EC0-301F-11D3-BF4B-00C04F79EFBC}") = "Kernel", "Kernel\Kernel.csproj", "{35CA875B-70E6-420F-B8A3-7D568F0161BA}"
EndProject
Project("{FAE04EC0-301F-11D3-BF4B-00C04F79EFBC}") = "Kernel.Tests", "Kernel.Tests\Kernel.Tests.csproj", "{59C64DBE-9061-49B9-BE6D-5EE5B0AAE3AA}"
EndProject
Global
	GlobalSection(SolutionConfigurationPlatforms) = preSolution
		Debug|Any CPU = Debug|Any CPU
		Release|Any CPU = Release|Any CPU
	EndGlobalSection
	GlobalSection(ProjectConfigurationPlatforms) = postSolution
		{0184B43A-A8D1-439C-B2D0-42D4D6704A5F}.Debug|Any CPU.ActiveCfg = Debug|Any CPU
		{0184B43A-A8D1-439C-B2D0-42D4D6704A5F}.Debug|Any CPU.Build.0 = Debug|Any CPU
		{0184B43A-A8D1-439C-B2D0-42D4D6704A5F}.Release|Any CPU.ActiveCfg = Release|Any CPU
		{0184B43A-A8D1-439C-B2D0-42D4D6704A5F}.Release|Any CPU.Build.0 = Release|Any CPU
		{457965B7-FD67-493E-B46A-EEFE59486A4C}.Debug|Any CPU.ActiveCfg = Debug|Any CPU
		{457965B7-FD67-493E-B46A-EEFE59486A4C}.Debug|Any CPU.Build.0 = Debug|Any CPU
		{457965B7-FD67-493E-B46A-EEFE59486A4C}.Release|Any CPU.ActiveCfg = Release|Any CPU
		{457965B7-FD67-493E-B46A-EEFE59486A4C}.Release|Any CPU.Build.0 = Release|Any CPU
		{35CA875B-70E6-420F-B8A3-7D568F0161BA}.Debug|Any CPU.ActiveCfg = Debug|Any CPU
		{35CA875B-70E6-420F-B8A3-7D568F0161BA}.Debug|Any CPU.Build.0 = Debug|Any CPU
		{35CA875B-70E6-420F-B8A3-7D568F0161BA}.Release|Any CPU.ActiveCfg = Release|Any CPU
		{35CA875B-70E6-420F-B8A3-7D568F0161BA}.Release|Any CPU.Build.0 = Release|Any CPU
		{59C64DBE-9061-49B9-BE6D-5EE5B0AAE3AA}.Debug|Any CPU.ActiveCfg = Debug|Any CPU
		{59C64DBE-9061-49B9-BE6D-5EE5B0AAE3AA}.Debug|Any CPU.Build.0 = Debug|Any CPU
		{59C64DBE-9061-49B9-BE6D-5EE5B0AAE3AA}.Release|Any CPU.ActiveCfg = Release|Any CPU
		{59C64DBE-9061-49B9-BE6D-5EE5B0AAE3AA}.Release|Any CPU.Build.0 = Release|Any CPU
	EndGlobalSection
	GlobalSection(SolutionProperties) = preSolution
		HideSolutionNode = FALSE
	EndGlobalSection
	GlobalSection(MonoDevelopProperties) = preSolution
		name = Translator
		version = 0.1
		StartupItem = TranslatorTester\TranslatorTester.csproj
	EndGlobalSection
EndGlobal
