
Microsoft Visual Studio Solution File, Format Version 12.00
# Visual Studio 2013
VisualStudioVersion = 12.0.30324.0
MinimumVisualStudioVersion = 10.0.40219.1
Project("{2150E333-8FDC-42A3-9474-1A3956D46DE8}") = "Compiler", "Compiler", "{DBF6D3D6-6CFE-43FD-B7CB-82611F812C3A}"
EndProject
Project("{2150E333-8FDC-42A3-9474-1A3956D46DE8}") = "OS", "OS", "{98AC23DB-538D-4A18-AAC6-1675DBF4C984}"
EndProject
Project("{FAE04EC0-301F-11D3-BF4B-00C04F79EFBC}") = "Compiler", "Compiler\Compiler.csproj", "{457965B7-FD67-493E-B46A-EEFE59486A4C}"
EndProject
Project("{FAE04EC0-301F-11D3-BF4B-00C04F79EFBC}") = "Kernel", "Kernel\Kernel.csproj", "{35CA875B-70E6-420F-B8A3-7D568F0161BA}"
EndProject
Project("{FAE04EC0-301F-11D3-BF4B-00C04F79EFBC}") = "Kernel.Tests", "Kernel.Tests\Kernel.Tests.csproj", "{59C64DBE-9061-49B9-BE6D-5EE5B0AAE3AA}"
EndProject
Project("{FAE04EC0-301F-11D3-BF4B-00C04F79EFBC}") = "VirtualExecutionSystem", "VirtualExecutionSystem\VirtualExecutionSystem.csproj", "{8DB20BEE-FE23-44D8-92CC-90EE038EDB7F}"
EndProject
Project("{FAE04EC0-301F-11D3-BF4B-00C04F79EFBC}") = "VirtualExecutionSystem.Tests", "VirtualExecutionSystem.Tests\VirtualExecutionSystem.Tests.csproj", "{58D7CBBE-45AE-4FF2-B3E7-03C8B74FFAA4}"
EndProject
Project("{FAE04EC0-301F-11D3-BF4B-00C04F79EFBC}") = "Runtime", "Runtime\Runtime.csproj", "{3D6BC1DD-A220-48D3-BCD8-3F3C34E3EE45}"
EndProject
Project("{FAE04EC0-301F-11D3-BF4B-00C04F79EFBC}") = "Runtime.Tests", "Runtime.Tests\Runtime.Tests.csproj", "{3672C9AD-B76F-457E-B70F-6EB493173949}"
EndProject
Project("{FAE04EC0-301F-11D3-BF4B-00C04F79EFBC}") = "Compiler.Tests", "Compiler.Tests\Compiler.Tests.csproj", "{12AD4042-9721-4383-897D-B50F37FD70F7}"
EndProject
Project("{FAE04EC0-301F-11D3-BF4B-00C04F79EFBC}") = "Compiler.X86", "Compiler.X86\Compiler.X86.csproj", "{C2557ECB-9E33-48BC-865E-FF92E5F0A05B}"
EndProject
Global
	GlobalSection(SolutionConfigurationPlatforms) = preSolution
		Debug|Any CPU = Debug|Any CPU
		Debug|x86 = Debug|x86
		Release|Any CPU = Release|Any CPU
		Release|x86 = Release|x86
	EndGlobalSection
	GlobalSection(ProjectConfigurationPlatforms) = postSolution
		{457965B7-FD67-493E-B46A-EEFE59486A4C}.Debug|Any CPU.ActiveCfg = Debug|Any CPU
		{457965B7-FD67-493E-B46A-EEFE59486A4C}.Debug|Any CPU.Build.0 = Debug|Any CPU
		{457965B7-FD67-493E-B46A-EEFE59486A4C}.Debug|x86.ActiveCfg = Debug|x86
		{457965B7-FD67-493E-B46A-EEFE59486A4C}.Debug|x86.Build.0 = Debug|x86
		{457965B7-FD67-493E-B46A-EEFE59486A4C}.Release|Any CPU.ActiveCfg = Release|Any CPU
		{457965B7-FD67-493E-B46A-EEFE59486A4C}.Release|Any CPU.Build.0 = Release|Any CPU
		{457965B7-FD67-493E-B46A-EEFE59486A4C}.Release|x86.ActiveCfg = Release|x86
		{457965B7-FD67-493E-B46A-EEFE59486A4C}.Release|x86.Build.0 = Release|x86
		{35CA875B-70E6-420F-B8A3-7D568F0161BA}.Debug|Any CPU.ActiveCfg = Debug|Any CPU
		{35CA875B-70E6-420F-B8A3-7D568F0161BA}.Debug|Any CPU.Build.0 = Debug|Any CPU
		{35CA875B-70E6-420F-B8A3-7D568F0161BA}.Debug|x86.ActiveCfg = Debug|x86
		{35CA875B-70E6-420F-B8A3-7D568F0161BA}.Debug|x86.Build.0 = Debug|x86
		{35CA875B-70E6-420F-B8A3-7D568F0161BA}.Release|Any CPU.ActiveCfg = Release|Any CPU
		{35CA875B-70E6-420F-B8A3-7D568F0161BA}.Release|Any CPU.Build.0 = Release|Any CPU
		{35CA875B-70E6-420F-B8A3-7D568F0161BA}.Release|x86.ActiveCfg = Release|x86
		{35CA875B-70E6-420F-B8A3-7D568F0161BA}.Release|x86.Build.0 = Release|x86
		{59C64DBE-9061-49B9-BE6D-5EE5B0AAE3AA}.Debug|Any CPU.ActiveCfg = Debug|Any CPU
		{59C64DBE-9061-49B9-BE6D-5EE5B0AAE3AA}.Debug|Any CPU.Build.0 = Debug|Any CPU
		{59C64DBE-9061-49B9-BE6D-5EE5B0AAE3AA}.Debug|x86.ActiveCfg = Debug|x86
		{59C64DBE-9061-49B9-BE6D-5EE5B0AAE3AA}.Debug|x86.Build.0 = Debug|x86
		{59C64DBE-9061-49B9-BE6D-5EE5B0AAE3AA}.Release|Any CPU.ActiveCfg = Release|Any CPU
		{59C64DBE-9061-49B9-BE6D-5EE5B0AAE3AA}.Release|Any CPU.Build.0 = Release|Any CPU
		{59C64DBE-9061-49B9-BE6D-5EE5B0AAE3AA}.Release|x86.ActiveCfg = Release|x86
		{59C64DBE-9061-49B9-BE6D-5EE5B0AAE3AA}.Release|x86.Build.0 = Release|x86
		{8DB20BEE-FE23-44D8-92CC-90EE038EDB7F}.Debug|Any CPU.ActiveCfg = Debug|Any CPU
		{8DB20BEE-FE23-44D8-92CC-90EE038EDB7F}.Debug|Any CPU.Build.0 = Debug|Any CPU
		{8DB20BEE-FE23-44D8-92CC-90EE038EDB7F}.Debug|x86.ActiveCfg = Debug|x86
		{8DB20BEE-FE23-44D8-92CC-90EE038EDB7F}.Debug|x86.Build.0 = Debug|x86
		{8DB20BEE-FE23-44D8-92CC-90EE038EDB7F}.Release|Any CPU.ActiveCfg = Release|Any CPU
		{8DB20BEE-FE23-44D8-92CC-90EE038EDB7F}.Release|Any CPU.Build.0 = Release|Any CPU
		{8DB20BEE-FE23-44D8-92CC-90EE038EDB7F}.Release|x86.ActiveCfg = Release|x86
		{8DB20BEE-FE23-44D8-92CC-90EE038EDB7F}.Release|x86.Build.0 = Release|x86
		{58D7CBBE-45AE-4FF2-B3E7-03C8B74FFAA4}.Debug|Any CPU.ActiveCfg = Debug|Any CPU
		{58D7CBBE-45AE-4FF2-B3E7-03C8B74FFAA4}.Debug|Any CPU.Build.0 = Debug|Any CPU
		{58D7CBBE-45AE-4FF2-B3E7-03C8B74FFAA4}.Debug|x86.ActiveCfg = Debug|x86
		{58D7CBBE-45AE-4FF2-B3E7-03C8B74FFAA4}.Debug|x86.Build.0 = Debug|x86
		{58D7CBBE-45AE-4FF2-B3E7-03C8B74FFAA4}.Release|Any CPU.ActiveCfg = Release|Any CPU
		{58D7CBBE-45AE-4FF2-B3E7-03C8B74FFAA4}.Release|Any CPU.Build.0 = Release|Any CPU
		{58D7CBBE-45AE-4FF2-B3E7-03C8B74FFAA4}.Release|x86.ActiveCfg = Release|x86
		{58D7CBBE-45AE-4FF2-B3E7-03C8B74FFAA4}.Release|x86.Build.0 = Release|x86
		{3D6BC1DD-A220-48D3-BCD8-3F3C34E3EE45}.Debug|Any CPU.ActiveCfg = Debug|Any CPU
		{3D6BC1DD-A220-48D3-BCD8-3F3C34E3EE45}.Debug|Any CPU.Build.0 = Debug|Any CPU
		{3D6BC1DD-A220-48D3-BCD8-3F3C34E3EE45}.Debug|x86.ActiveCfg = Debug|x86
		{3D6BC1DD-A220-48D3-BCD8-3F3C34E3EE45}.Debug|x86.Build.0 = Debug|x86
		{3D6BC1DD-A220-48D3-BCD8-3F3C34E3EE45}.Release|Any CPU.ActiveCfg = Release|Any CPU
		{3D6BC1DD-A220-48D3-BCD8-3F3C34E3EE45}.Release|Any CPU.Build.0 = Release|Any CPU
		{3D6BC1DD-A220-48D3-BCD8-3F3C34E3EE45}.Release|x86.ActiveCfg = Release|x86
		{3D6BC1DD-A220-48D3-BCD8-3F3C34E3EE45}.Release|x86.Build.0 = Release|x86
		{3672C9AD-B76F-457E-B70F-6EB493173949}.Debug|Any CPU.ActiveCfg = Debug|Any CPU
		{3672C9AD-B76F-457E-B70F-6EB493173949}.Debug|Any CPU.Build.0 = Debug|Any CPU
		{3672C9AD-B76F-457E-B70F-6EB493173949}.Debug|x86.ActiveCfg = Debug|x86
		{3672C9AD-B76F-457E-B70F-6EB493173949}.Debug|x86.Build.0 = Debug|x86
		{3672C9AD-B76F-457E-B70F-6EB493173949}.Release|Any CPU.ActiveCfg = Release|Any CPU
		{3672C9AD-B76F-457E-B70F-6EB493173949}.Release|Any CPU.Build.0 = Release|Any CPU
		{3672C9AD-B76F-457E-B70F-6EB493173949}.Release|x86.ActiveCfg = Release|x86
		{3672C9AD-B76F-457E-B70F-6EB493173949}.Release|x86.Build.0 = Release|x86
		{12AD4042-9721-4383-897D-B50F37FD70F7}.Debug|Any CPU.ActiveCfg = Debug|Any CPU
		{12AD4042-9721-4383-897D-B50F37FD70F7}.Debug|Any CPU.Build.0 = Debug|Any CPU
		{12AD4042-9721-4383-897D-B50F37FD70F7}.Debug|x86.ActiveCfg = Debug|x86
		{12AD4042-9721-4383-897D-B50F37FD70F7}.Debug|x86.Build.0 = Debug|x86
		{12AD4042-9721-4383-897D-B50F37FD70F7}.Release|Any CPU.ActiveCfg = Release|Any CPU
		{12AD4042-9721-4383-897D-B50F37FD70F7}.Release|Any CPU.Build.0 = Release|Any CPU
		{12AD4042-9721-4383-897D-B50F37FD70F7}.Release|x86.ActiveCfg = Release|x86
		{12AD4042-9721-4383-897D-B50F37FD70F7}.Release|x86.Build.0 = Release|x86
		{C2557ECB-9E33-48BC-865E-FF92E5F0A05B}.Debug|Any CPU.ActiveCfg = Debug|Any CPU
		{C2557ECB-9E33-48BC-865E-FF92E5F0A05B}.Debug|Any CPU.Build.0 = Debug|Any CPU
		{C2557ECB-9E33-48BC-865E-FF92E5F0A05B}.Debug|x86.ActiveCfg = Debug|Any CPU
		{C2557ECB-9E33-48BC-865E-FF92E5F0A05B}.Release|Any CPU.ActiveCfg = Release|Any CPU
		{C2557ECB-9E33-48BC-865E-FF92E5F0A05B}.Release|Any CPU.Build.0 = Release|Any CPU
		{C2557ECB-9E33-48BC-865E-FF92E5F0A05B}.Release|x86.ActiveCfg = Release|Any CPU
	EndGlobalSection
	GlobalSection(SolutionProperties) = preSolution
		HideSolutionNode = FALSE
	EndGlobalSection
	GlobalSection(NestedProjects) = preSolution
		{457965B7-FD67-493E-B46A-EEFE59486A4C} = {DBF6D3D6-6CFE-43FD-B7CB-82611F812C3A}
		{35CA875B-70E6-420F-B8A3-7D568F0161BA} = {98AC23DB-538D-4A18-AAC6-1675DBF4C984}
		{59C64DBE-9061-49B9-BE6D-5EE5B0AAE3AA} = {98AC23DB-538D-4A18-AAC6-1675DBF4C984}
		{8DB20BEE-FE23-44D8-92CC-90EE038EDB7F} = {98AC23DB-538D-4A18-AAC6-1675DBF4C984}
		{58D7CBBE-45AE-4FF2-B3E7-03C8B74FFAA4} = {98AC23DB-538D-4A18-AAC6-1675DBF4C984}
		{12AD4042-9721-4383-897D-B50F37FD70F7} = {DBF6D3D6-6CFE-43FD-B7CB-82611F812C3A}
		{C2557ECB-9E33-48BC-865E-FF92E5F0A05B} = {DBF6D3D6-6CFE-43FD-B7CB-82611F812C3A}
	EndGlobalSection
	GlobalSection(MonoDevelopProperties) = preSolution
		name = Translator
		version = 0.1
		StartupItem = TranslatorTester\TranslatorTester.csproj
	EndGlobalSection
EndGlobal
